// !$*UTF8*$!
{
	archiveVersion = 1;
	classes = {
	};
	objectVersion = 51;
	objects = {

/* Begin PBXBuildFile section */
		4F11C927248510E50009A67A /* UserRepositoriesTests.swift in Sources */ = {isa = PBXBuildFile; fileRef = 4F11C926248510E50009A67A /* UserRepositoriesTests.swift */; };
		4F11C92A248517E10009A67A /* UserRepositoriesSnapshotTests.swift in Sources */ = {isa = PBXBuildFile; fileRef = 4F11C928248513CB0009A67A /* UserRepositoriesSnapshotTests.swift */; };
		4F1C37B924803C24001412CD /* ImageEnum.swift in Sources */ = {isa = PBXBuildFile; fileRef = 4F1C37B824803C24001412CD /* ImageEnum.swift */; };
		4F1C37BD24804955001412CD /* lottie-github-logo.json in Resources */ = {isa = PBXBuildFile; fileRef = 4F1C37BC24804954001412CD /* lottie-github-logo.json */; };
		4F1C37C02480525F001412CD /* EmptyUserRepositoriesView.xib in Resources */ = {isa = PBXBuildFile; fileRef = 4F1C37BF2480525F001412CD /* EmptyUserRepositoriesView.xib */; };
		4F1C37C22480541B001412CD /* EmptyUserRepositoriesView.swift in Sources */ = {isa = PBXBuildFile; fileRef = 4F1C37C12480541B001412CD /* EmptyUserRepositoriesView.swift */; };
		4F8278A9247FDBBE00D5DD30 /* schema.json in Resources */ = {isa = PBXBuildFile; fileRef = 4F8278A8247FDBBE00D5DD30 /* schema.json */; };
		4F8278AB247FDE0400D5DD30 /* userRepositories.graphql in Resources */ = {isa = PBXBuildFile; fileRef = 4F8278AA247FDE0400D5DD30 /* userRepositories.graphql */; };
		4F8278AD247FDF4400D5DD30 /* API.swift in Sources */ = {isa = PBXBuildFile; fileRef = 4F8278AC247FDF4400D5DD30 /* API.swift */; };
		4F8278AF247FDF7C00D5DD30 /* UserRepositoriesService.swift in Sources */ = {isa = PBXBuildFile; fileRef = 4F8278AE247FDF7C00D5DD30 /* UserRepositoriesService.swift */; };
		4F8278B1247FE3AF00D5DD30 /* Constants.swift in Sources */ = {isa = PBXBuildFile; fileRef = 4F8278B0247FE3AF00D5DD30 /* Constants.swift */; };
		4F8278B3247FF32D00D5DD30 /* ApolloProvider.swift in Sources */ = {isa = PBXBuildFile; fileRef = 4F8278B2247FF32D00D5DD30 /* ApolloProvider.swift */; };
		4FAF7547247E8CC300457CE2 /* AppDelegate.swift in Sources */ = {isa = PBXBuildFile; fileRef = 4FAF7546247E8CC300457CE2 /* AppDelegate.swift */; };
		4FAF7549247E8CC300457CE2 /* SceneDelegate.swift in Sources */ = {isa = PBXBuildFile; fileRef = 4FAF7548247E8CC300457CE2 /* SceneDelegate.swift */; };
		4FAF754E247E8CC300457CE2 /* Main.storyboard in Resources */ = {isa = PBXBuildFile; fileRef = 4FAF754C247E8CC300457CE2 /* Main.storyboard */; };
		4FAF7550247E8CC800457CE2 /* Assets.xcassets in Resources */ = {isa = PBXBuildFile; fileRef = 4FAF754F247E8CC800457CE2 /* Assets.xcassets */; };
		4FAF7553247E8CC800457CE2 /* LaunchScreen.storyboard in Resources */ = {isa = PBXBuildFile; fileRef = 4FAF7551247E8CC800457CE2 /* LaunchScreen.storyboard */; };
		4FAF755E247E8CC800457CE2 /* SimpleGithubTests.swift in Sources */ = {isa = PBXBuildFile; fileRef = 4FAF755D247E8CC800457CE2 /* SimpleGithubTests.swift */; };
		4FAF7577247E8CF900457CE2 /* AppCoordinator.swift in Sources */ = {isa = PBXBuildFile; fileRef = 4FAF7576247E8CF900457CE2 /* AppCoordinator.swift */; };
		4FAF757A247E8EE100457CE2 /* UserRepositoriesViewController.swift in Sources */ = {isa = PBXBuildFile; fileRef = 4FAF7578247E8EE100457CE2 /* UserRepositoriesViewController.swift */; };
		4FAF757B247E8EE100457CE2 /* UserRepositoriesViewController.xib in Resources */ = {isa = PBXBuildFile; fileRef = 4FAF7579247E8EE100457CE2 /* UserRepositoriesViewController.xib */; };
		4FAF7581247E96C900457CE2 /* UserRepositoriesTableViewCell.swift in Sources */ = {isa = PBXBuildFile; fileRef = 4FAF757F247E96C900457CE2 /* UserRepositoriesTableViewCell.swift */; };
		4FAF7582247E96C900457CE2 /* UserRepositoriesTableViewCell.xib in Resources */ = {isa = PBXBuildFile; fileRef = 4FAF7580247E96C900457CE2 /* UserRepositoriesTableViewCell.xib */; };
		4FAF7584247E9D2200457CE2 /* UserRepositoriesInteractor.swift in Sources */ = {isa = PBXBuildFile; fileRef = 4FAF7583247E9D2200457CE2 /* UserRepositoriesInteractor.swift */; };
		4FAF7588247E9ED300457CE2 /* HavingXib.swift in Sources */ = {isa = PBXBuildFile; fileRef = 4FAF7587247E9ED300457CE2 /* HavingXib.swift */; };
		899C30C2630AD101F638C31B /* Pods_SimpleGithub.framework in Frameworks */ = {isa = PBXBuildFile; fileRef = 1BC623FC85394E8ECC9AD64E /* Pods_SimpleGithub.framework */; };
		8A1355ED62D7AEE4F0C1B2D4 /* Pods_SimpleGithubTests.framework in Frameworks */ = {isa = PBXBuildFile; fileRef = 1E748CA169650EDB2FE2F20D /* Pods_SimpleGithubTests.framework */; };
/* End PBXBuildFile section */

/* Begin PBXContainerItemProxy section */
		4FAF755A247E8CC800457CE2 /* PBXContainerItemProxy */ = {
			isa = PBXContainerItemProxy;
			containerPortal = 4FAF753B247E8CC300457CE2 /* Project object */;
			proxyType = 1;
			remoteGlobalIDString = 4FAF7542247E8CC300457CE2;
			remoteInfo = SimpleGithub;
		};
/* End PBXContainerItemProxy section */

/* Begin PBXFileReference section */
		09C36D7DE44EAB17BD0EDF11 /* Pods-SimpleGithub-SimpleGithubUITests.release.xcconfig */ = {isa = PBXFileReference; includeInIndex = 1; lastKnownFileType = text.xcconfig; name = "Pods-SimpleGithub-SimpleGithubUITests.release.xcconfig"; path = "Target Support Files/Pods-SimpleGithub-SimpleGithubUITests/Pods-SimpleGithub-SimpleGithubUITests.release.xcconfig"; sourceTree = "<group>"; };
		1747C9F5A534F990569B817B /* Pods-SimpleGithub-SimpleGithubUITests.debug.xcconfig */ = {isa = PBXFileReference; includeInIndex = 1; lastKnownFileType = text.xcconfig; name = "Pods-SimpleGithub-SimpleGithubUITests.debug.xcconfig"; path = "Target Support Files/Pods-SimpleGithub-SimpleGithubUITests/Pods-SimpleGithub-SimpleGithubUITests.debug.xcconfig"; sourceTree = "<group>"; };
		17CD8D0AC8CBACB9427DBD40 /* Pods_SimpleGithub_SimpleGithubUITests.framework */ = {isa = PBXFileReference; explicitFileType = wrapper.framework; includeInIndex = 0; path = Pods_SimpleGithub_SimpleGithubUITests.framework; sourceTree = BUILT_PRODUCTS_DIR; };
		1BC623FC85394E8ECC9AD64E /* Pods_SimpleGithub.framework */ = {isa = PBXFileReference; explicitFileType = wrapper.framework; includeInIndex = 0; path = Pods_SimpleGithub.framework; sourceTree = BUILT_PRODUCTS_DIR; };
		1E748CA169650EDB2FE2F20D /* Pods_SimpleGithubTests.framework */ = {isa = PBXFileReference; explicitFileType = wrapper.framework; includeInIndex = 0; path = Pods_SimpleGithubTests.framework; sourceTree = BUILT_PRODUCTS_DIR; };
		4F11C926248510E50009A67A /* UserRepositoriesTests.swift */ = {isa = PBXFileReference; lastKnownFileType = sourcecode.swift; path = UserRepositoriesTests.swift; sourceTree = "<group>"; };
		4F11C928248513CB0009A67A /* UserRepositoriesSnapshotTests.swift */ = {isa = PBXFileReference; lastKnownFileType = sourcecode.swift; path = UserRepositoriesSnapshotTests.swift; sourceTree = "<group>"; };
		4F1C37B824803C24001412CD /* ImageEnum.swift */ = {isa = PBXFileReference; lastKnownFileType = sourcecode.swift; path = ImageEnum.swift; sourceTree = "<group>"; };
		4F1C37BC24804954001412CD /* lottie-github-logo.json */ = {isa = PBXFileReference; fileEncoding = 4; lastKnownFileType = text.json; path = "lottie-github-logo.json"; sourceTree = "<group>"; };
		4F1C37BF2480525F001412CD /* EmptyUserRepositoriesView.xib */ = {isa = PBXFileReference; lastKnownFileType = file.xib; path = EmptyUserRepositoriesView.xib; sourceTree = "<group>"; };
		4F1C37C12480541B001412CD /* EmptyUserRepositoriesView.swift */ = {isa = PBXFileReference; lastKnownFileType = sourcecode.swift; path = EmptyUserRepositoriesView.swift; sourceTree = "<group>"; };
		4F8278A8247FDBBE00D5DD30 /* schema.json */ = {isa = PBXFileReference; fileEncoding = 4; lastKnownFileType = text.json; path = schema.json; sourceTree = "<group>"; };
		4F8278AA247FDE0400D5DD30 /* userRepositories.graphql */ = {isa = PBXFileReference; lastKnownFileType = text; path = userRepositories.graphql; sourceTree = "<group>"; };
		4F8278AC247FDF4400D5DD30 /* API.swift */ = {isa = PBXFileReference; fileEncoding = 4; lastKnownFileType = sourcecode.swift; path = API.swift; sourceTree = "<group>"; };
		4F8278AE247FDF7C00D5DD30 /* UserRepositoriesService.swift */ = {isa = PBXFileReference; lastKnownFileType = sourcecode.swift; path = UserRepositoriesService.swift; sourceTree = "<group>"; };
		4F8278B0247FE3AF00D5DD30 /* Constants.swift */ = {isa = PBXFileReference; lastKnownFileType = sourcecode.swift; path = Constants.swift; sourceTree = "<group>"; };
		4F8278B2247FF32D00D5DD30 /* ApolloProvider.swift */ = {isa = PBXFileReference; lastKnownFileType = sourcecode.swift; path = ApolloProvider.swift; sourceTree = "<group>"; };
		4FAF7543247E8CC300457CE2 /* SimpleGithub.app */ = {isa = PBXFileReference; explicitFileType = wrapper.application; includeInIndex = 0; path = SimpleGithub.app; sourceTree = BUILT_PRODUCTS_DIR; };
		4FAF7546247E8CC300457CE2 /* AppDelegate.swift */ = {isa = PBXFileReference; lastKnownFileType = sourcecode.swift; path = AppDelegate.swift; sourceTree = "<group>"; };
		4FAF7548247E8CC300457CE2 /* SceneDelegate.swift */ = {isa = PBXFileReference; lastKnownFileType = sourcecode.swift; path = SceneDelegate.swift; sourceTree = "<group>"; };
		4FAF754D247E8CC300457CE2 /* Base */ = {isa = PBXFileReference; lastKnownFileType = file.storyboard; name = Base; path = Base.lproj/Main.storyboard; sourceTree = "<group>"; };
		4FAF754F247E8CC800457CE2 /* Assets.xcassets */ = {isa = PBXFileReference; lastKnownFileType = folder.assetcatalog; path = Assets.xcassets; sourceTree = "<group>"; };
		4FAF7552247E8CC800457CE2 /* Base */ = {isa = PBXFileReference; lastKnownFileType = file.storyboard; name = Base; path = Base.lproj/LaunchScreen.storyboard; sourceTree = "<group>"; };
		4FAF7554247E8CC800457CE2 /* Info.plist */ = {isa = PBXFileReference; lastKnownFileType = text.plist.xml; path = Info.plist; sourceTree = "<group>"; };
		4FAF7559247E8CC800457CE2 /* SimpleGithubTests.xctest */ = {isa = PBXFileReference; explicitFileType = wrapper.cfbundle; includeInIndex = 0; path = SimpleGithubTests.xctest; sourceTree = BUILT_PRODUCTS_DIR; };
		4FAF755D247E8CC800457CE2 /* SimpleGithubTests.swift */ = {isa = PBXFileReference; lastKnownFileType = sourcecode.swift; path = SimpleGithubTests.swift; sourceTree = "<group>"; };
		4FAF755F247E8CC800457CE2 /* Info.plist */ = {isa = PBXFileReference; lastKnownFileType = text.plist.xml; path = Info.plist; sourceTree = "<group>"; };
		4FAF7576247E8CF900457CE2 /* AppCoordinator.swift */ = {isa = PBXFileReference; lastKnownFileType = sourcecode.swift; path = AppCoordinator.swift; sourceTree = "<group>"; };
		4FAF7578247E8EE100457CE2 /* UserRepositoriesViewController.swift */ = {isa = PBXFileReference; lastKnownFileType = sourcecode.swift; path = UserRepositoriesViewController.swift; sourceTree = "<group>"; };
		4FAF7579247E8EE100457CE2 /* UserRepositoriesViewController.xib */ = {isa = PBXFileReference; lastKnownFileType = file.xib; path = UserRepositoriesViewController.xib; sourceTree = "<group>"; };
		4FAF757F247E96C900457CE2 /* UserRepositoriesTableViewCell.swift */ = {isa = PBXFileReference; lastKnownFileType = sourcecode.swift; path = UserRepositoriesTableViewCell.swift; sourceTree = "<group>"; };
		4FAF7580247E96C900457CE2 /* UserRepositoriesTableViewCell.xib */ = {isa = PBXFileReference; lastKnownFileType = file.xib; path = UserRepositoriesTableViewCell.xib; sourceTree = "<group>"; };
		4FAF7583247E9D2200457CE2 /* UserRepositoriesInteractor.swift */ = {isa = PBXFileReference; lastKnownFileType = sourcecode.swift; path = UserRepositoriesInteractor.swift; sourceTree = "<group>"; };
		4FAF7587247E9ED300457CE2 /* HavingXib.swift */ = {isa = PBXFileReference; lastKnownFileType = sourcecode.swift; path = HavingXib.swift; sourceTree = "<group>"; };
		52BF693B0DA48F93588CD789 /* Pods-SimpleGithub.debug.xcconfig */ = {isa = PBXFileReference; includeInIndex = 1; lastKnownFileType = text.xcconfig; name = "Pods-SimpleGithub.debug.xcconfig"; path = "Target Support Files/Pods-SimpleGithub/Pods-SimpleGithub.debug.xcconfig"; sourceTree = "<group>"; };
		98BC7C44FFB95876AECDE1E4 /* Pods-SimpleGithub.release.xcconfig */ = {isa = PBXFileReference; includeInIndex = 1; lastKnownFileType = text.xcconfig; name = "Pods-SimpleGithub.release.xcconfig"; path = "Target Support Files/Pods-SimpleGithub/Pods-SimpleGithub.release.xcconfig"; sourceTree = "<group>"; };
		B74A4338A70367EE595A8216 /* Pods-SimpleGithubTests.release.xcconfig */ = {isa = PBXFileReference; includeInIndex = 1; lastKnownFileType = text.xcconfig; name = "Pods-SimpleGithubTests.release.xcconfig"; path = "Target Support Files/Pods-SimpleGithubTests/Pods-SimpleGithubTests.release.xcconfig"; sourceTree = "<group>"; };
		FF4723B89AC9243157E8DA1E /* Pods-SimpleGithubTests.debug.xcconfig */ = {isa = PBXFileReference; includeInIndex = 1; lastKnownFileType = text.xcconfig; name = "Pods-SimpleGithubTests.debug.xcconfig"; path = "Target Support Files/Pods-SimpleGithubTests/Pods-SimpleGithubTests.debug.xcconfig"; sourceTree = "<group>"; };
/* End PBXFileReference section */

/* Begin PBXFrameworksBuildPhase section */
		4FAF7540247E8CC300457CE2 /* Frameworks */ = {
			isa = PBXFrameworksBuildPhase;
			buildActionMask = 2147483647;
			files = (
				899C30C2630AD101F638C31B /* Pods_SimpleGithub.framework in Frameworks */,
			);
			runOnlyForDeploymentPostprocessing = 0;
		};
		4FAF7556247E8CC800457CE2 /* Frameworks */ = {
			isa = PBXFrameworksBuildPhase;
			buildActionMask = 2147483647;
			files = (
				8A1355ED62D7AEE4F0C1B2D4 /* Pods_SimpleGithubTests.framework in Frameworks */,
			);
			runOnlyForDeploymentPostprocessing = 0;
		};
/* End PBXFrameworksBuildPhase section */

/* Begin PBXGroup section */
		2A6B991A41571E7007FC7373 /* Frameworks */ = {
			isa = PBXGroup;
			children = (
				1BC623FC85394E8ECC9AD64E /* Pods_SimpleGithub.framework */,
				17CD8D0AC8CBACB9427DBD40 /* Pods_SimpleGithub_SimpleGithubUITests.framework */,
				1E748CA169650EDB2FE2F20D /* Pods_SimpleGithubTests.framework */,
			);
			name = Frameworks;
			sourceTree = "<group>";
		};
		4AE8EE181E39DE251234B3F9 /* Pods */ = {
			isa = PBXGroup;
			children = (
				52BF693B0DA48F93588CD789 /* Pods-SimpleGithub.debug.xcconfig */,
				98BC7C44FFB95876AECDE1E4 /* Pods-SimpleGithub.release.xcconfig */,
				1747C9F5A534F990569B817B /* Pods-SimpleGithub-SimpleGithubUITests.debug.xcconfig */,
				09C36D7DE44EAB17BD0EDF11 /* Pods-SimpleGithub-SimpleGithubUITests.release.xcconfig */,
				FF4723B89AC9243157E8DA1E /* Pods-SimpleGithubTests.debug.xcconfig */,
				B74A4338A70367EE595A8216 /* Pods-SimpleGithubTests.release.xcconfig */,
			);
			path = Pods;
			sourceTree = "<group>";
		};
		4F1C37BE24805240001412CD /* EmptyUserRepositoriesView */ = {
			isa = PBXGroup;
			children = (
				4F1C37BF2480525F001412CD /* EmptyUserRepositoriesView.xib */,
				4F1C37C12480541B001412CD /* EmptyUserRepositoriesView.swift */,
			);
			path = EmptyUserRepositoriesView;
			sourceTree = "<group>";
		};
		4F8C31E32481240A000D3A3D /* Resources */ = {
			isa = PBXGroup;
			children = (
				4F8278A8247FDBBE00D5DD30 /* schema.json */,
				4F1C37BC24804954001412CD /* lottie-github-logo.json */,
				4FAF754C247E8CC300457CE2 /* Main.storyboard */,
				4FAF7551247E8CC800457CE2 /* LaunchScreen.storyboard */,
				4FAF754F247E8CC800457CE2 /* Assets.xcassets */,
			);
			path = Resources;
			sourceTree = "<group>";
		};
		4F8C31E42481244C000D3A3D /* Application */ = {
			isa = PBXGroup;
			children = (
				4FAF7546247E8CC300457CE2 /* AppDelegate.swift */,
				4FAF7548247E8CC300457CE2 /* SceneDelegate.swift */,
				4FAF7576247E8CF900457CE2 /* AppCoordinator.swift */,
				4F8278B0247FE3AF00D5DD30 /* Constants.swift */,
			);
			path = Application;
			sourceTree = "<group>";
		};
		4FAF753A247E8CC300457CE2 = {
			isa = PBXGroup;
			children = (
				4FAF7545247E8CC300457CE2 /* SimpleGithub */,
				4FAF755C247E8CC800457CE2 /* SimpleGithubTests */,
				4FAF7544247E8CC300457CE2 /* Products */,
				4AE8EE181E39DE251234B3F9 /* Pods */,
				2A6B991A41571E7007FC7373 /* Frameworks */,
			);
			sourceTree = "<group>";
		};
		4FAF7544247E8CC300457CE2 /* Products */ = {
			isa = PBXGroup;
			children = (
				4FAF7543247E8CC300457CE2 /* SimpleGithub.app */,
				4FAF7559247E8CC800457CE2 /* SimpleGithubTests.xctest */,
			);
			name = Products;
			sourceTree = "<group>";
		};
		4FAF7545247E8CC300457CE2 /* SimpleGithub */ = {
			isa = PBXGroup;
			children = (
				4F8C31E42481244C000D3A3D /* Application */,
				4F8C31E32481240A000D3A3D /* Resources */,
				4F8278AC247FDF4400D5DD30 /* API.swift */,
				4FAF7586247E9EC300457CE2 /* Extensions */,
				4FAF7585247E9D7700457CE2 /* VC */,
				4FAF757D247E936C00457CE2 /* Networking */,
				4FAF7554247E8CC800457CE2 /* Info.plist */,
			);
			path = SimpleGithub;
			sourceTree = "<group>";
		};
		4FAF755C247E8CC800457CE2 /* SimpleGithubTests */ = {
			isa = PBXGroup;
			children = (
				4FAF755D247E8CC800457CE2 /* SimpleGithubTests.swift */,
				4FAF755F247E8CC800457CE2 /* Info.plist */,
				4F11C928248513CB0009A67A /* UserRepositoriesSnapshotTests.swift */,
				4F11C926248510E50009A67A /* UserRepositoriesTests.swift */,
			);
			path = SimpleGithubTests;
			sourceTree = "<group>";
		};
		4FAF757C247E8EEB00457CE2 /* UserRepositoriesViewController */ = {
			isa = PBXGroup;
			children = (
				4F1C37BE24805240001412CD /* EmptyUserRepositoriesView */,
				4FAF757E247E967500457CE2 /* UserRepositoriesTableViewCell */,
				4FAF7578247E8EE100457CE2 /* UserRepositoriesViewController.swift */,
				4FAF7579247E8EE100457CE2 /* UserRepositoriesViewController.xib */,
				4FAF7583247E9D2200457CE2 /* UserRepositoriesInteractor.swift */,
			);
			path = UserRepositoriesViewController;
			sourceTree = "<group>";
		};
		4FAF757D247E936C00457CE2 /* Networking */ = {
			isa = PBXGroup;
			children = (
				4F8278AA247FDE0400D5DD30 /* userRepositories.graphql */,
				4F8278AE247FDF7C00D5DD30 /* UserRepositoriesService.swift */,
				4F8278B2247FF32D00D5DD30 /* ApolloProvider.swift */,
			);
			path = Networking;
			sourceTree = "<group>";
		};
		4FAF757E247E967500457CE2 /* UserRepositoriesTableViewCell */ = {
			isa = PBXGroup;
			children = (
				4FAF757F247E96C900457CE2 /* UserRepositoriesTableViewCell.swift */,
				4FAF7580247E96C900457CE2 /* UserRepositoriesTableViewCell.xib */,
			);
			path = UserRepositoriesTableViewCell;
			sourceTree = "<group>";
		};
		4FAF7585247E9D7700457CE2 /* VC */ = {
			isa = PBXGroup;
			children = (
				4FAF757C247E8EEB00457CE2 /* UserRepositoriesViewController */,
			);
			path = VC;
			sourceTree = "<group>";
		};
		4FAF7586247E9EC300457CE2 /* Extensions */ = {
			isa = PBXGroup;
			children = (
				4FAF7587247E9ED300457CE2 /* HavingXib.swift */,
				4F1C37B824803C24001412CD /* ImageEnum.swift */,
			);
			path = Extensions;
			sourceTree = "<group>";
		};
/* End PBXGroup section */

/* Begin PBXNativeTarget section */
		4FAF7542247E8CC300457CE2 /* SimpleGithub */ = {
			isa = PBXNativeTarget;
			buildConfigurationList = 4FAF756D247E8CC800457CE2 /* Build configuration list for PBXNativeTarget "SimpleGithub" */;
			buildPhases = (
				45FE456E4B234254642B111E /* [CP] Check Pods Manifest.lock */,
				4F8278A7247FDB1500D5DD30 /* Generate Apollo GraphQL API */,
				4FAF753F247E8CC300457CE2 /* Sources */,
				4FAF7540247E8CC300457CE2 /* Frameworks */,
				4FAF7541247E8CC300457CE2 /* Resources */,
				DDD229FC617A54D434AD3590 /* [CP] Embed Pods Frameworks */,
			);
			buildRules = (
			);
			dependencies = (
			);
			name = SimpleGithub;
			productName = SimpleGithub;
			productReference = 4FAF7543247E8CC300457CE2 /* SimpleGithub.app */;
			productType = "com.apple.product-type.application";
		};
		4FAF7558247E8CC800457CE2 /* SimpleGithubTests */ = {
			isa = PBXNativeTarget;
			buildConfigurationList = 4FAF7570247E8CC800457CE2 /* Build configuration list for PBXNativeTarget "SimpleGithubTests" */;
			buildPhases = (
				BE3C054AD27C47D3BAC96E5D /* [CP] Check Pods Manifest.lock */,
				4FAF7555247E8CC800457CE2 /* Sources */,
				4FAF7556247E8CC800457CE2 /* Frameworks */,
				4FAF7557247E8CC800457CE2 /* Resources */,
				2DEBE2C3289055689A21E423 /* [CP] Embed Pods Frameworks */,
			);
			buildRules = (
			);
			dependencies = (
				4FAF755B247E8CC800457CE2 /* PBXTargetDependency */,
			);
			name = SimpleGithubTests;
			productName = SimpleGithubTests;
			productReference = 4FAF7559247E8CC800457CE2 /* SimpleGithubTests.xctest */;
			productType = "com.apple.product-type.bundle.unit-test";
		};
/* End PBXNativeTarget section */

/* Begin PBXProject section */
		4FAF753B247E8CC300457CE2 /* Project object */ = {
			isa = PBXProject;
			attributes = {
				LastSwiftUpdateCheck = 1140;
				LastUpgradeCheck = 1140;
				TargetAttributes = {
					4FAF7542247E8CC300457CE2 = {
						CreatedOnToolsVersion = 11.4.1;
					};
					4FAF7558247E8CC800457CE2 = {
						CreatedOnToolsVersion = 11.4.1;
						TestTargetID = 4FAF7542247E8CC300457CE2;
					};
				};
			};
			buildConfigurationList = 4FAF753E247E8CC300457CE2 /* Build configuration list for PBXProject "SimpleGithub" */;
			compatibilityVersion = "Xcode 9.3";
			developmentRegion = en;
			hasScannedForEncodings = 0;
			knownRegions = (
				en,
				Base,
			);
			mainGroup = 4FAF753A247E8CC300457CE2;
			productRefGroup = 4FAF7544247E8CC300457CE2 /* Products */;
			projectDirPath = "";
			projectRoot = "";
			targets = (
				4FAF7542247E8CC300457CE2 /* SimpleGithub */,
				4FAF7558247E8CC800457CE2 /* SimpleGithubTests */,
			);
		};
/* End PBXProject section */

/* Begin PBXResourcesBuildPhase section */
		4FAF7541247E8CC300457CE2 /* Resources */ = {
			isa = PBXResourcesBuildPhase;
			buildActionMask = 2147483647;
			files = (
				4F1C37C02480525F001412CD /* EmptyUserRepositoriesView.xib in Resources */,
				4F8278AB247FDE0400D5DD30 /* userRepositories.graphql in Resources */,
				4FAF7582247E96C900457CE2 /* UserRepositoriesTableViewCell.xib in Resources */,
				4FAF7553247E8CC800457CE2 /* LaunchScreen.storyboard in Resources */,
				4FAF757B247E8EE100457CE2 /* UserRepositoriesViewController.xib in Resources */,
				4FAF7550247E8CC800457CE2 /* Assets.xcassets in Resources */,
				4F8278A9247FDBBE00D5DD30 /* schema.json in Resources */,
				4F1C37BD24804955001412CD /* lottie-github-logo.json in Resources */,
				4FAF754E247E8CC300457CE2 /* Main.storyboard in Resources */,
			);
			runOnlyForDeploymentPostprocessing = 0;
		};
		4FAF7557247E8CC800457CE2 /* Resources */ = {
			isa = PBXResourcesBuildPhase;
			buildActionMask = 2147483647;
			files = (
			);
			runOnlyForDeploymentPostprocessing = 0;
		};
/* End PBXResourcesBuildPhase section */

/* Begin PBXShellScriptBuildPhase section */
		2DEBE2C3289055689A21E423 /* [CP] Embed Pods Frameworks */ = {
			isa = PBXShellScriptBuildPhase;
			buildActionMask = 2147483647;
			files = (
			);
			inputFileListPaths = (
				"${PODS_ROOT}/Target Support Files/Pods-SimpleGithubTests/Pods-SimpleGithubTests-frameworks-${CONFIGURATION}-input-files.xcfilelist",
			);
			name = "[CP] Embed Pods Frameworks";
			outputFileListPaths = (
				"${PODS_ROOT}/Target Support Files/Pods-SimpleGithubTests/Pods-SimpleGithubTests-frameworks-${CONFIGURATION}-output-files.xcfilelist",
			);
			runOnlyForDeploymentPostprocessing = 0;
			shellPath = /bin/sh;
			shellScript = "\"${PODS_ROOT}/Target Support Files/Pods-SimpleGithubTests/Pods-SimpleGithubTests-frameworks.sh\"\n";
			showEnvVarsInLog = 0;
		};
		45FE456E4B234254642B111E /* [CP] Check Pods Manifest.lock */ = {
			isa = PBXShellScriptBuildPhase;
			buildActionMask = 2147483647;
			files = (
			);
			inputFileListPaths = (
			);
			inputPaths = (
				"${PODS_PODFILE_DIR_PATH}/Podfile.lock",
				"${PODS_ROOT}/Manifest.lock",
			);
			name = "[CP] Check Pods Manifest.lock";
			outputFileListPaths = (
			);
			outputPaths = (
				"$(DERIVED_FILE_DIR)/Pods-SimpleGithub-checkManifestLockResult.txt",
			);
			runOnlyForDeploymentPostprocessing = 0;
			shellPath = /bin/sh;
			shellScript = "diff \"${PODS_PODFILE_DIR_PATH}/Podfile.lock\" \"${PODS_ROOT}/Manifest.lock\" > /dev/null\nif [ $? != 0 ] ; then\n    # print error to STDERR\n    echo \"error: The sandbox is not in sync with the Podfile.lock. Run 'pod install' or update your CocoaPods installation.\" >&2\n    exit 1\nfi\n# This output is used by Xcode 'outputs' to avoid re-running this script phase.\necho \"SUCCESS\" > \"${SCRIPT_OUTPUT_FILE_0}\"\n";
			showEnvVarsInLog = 0;
		};
		4F8278A7247FDB1500D5DD30 /* Generate Apollo GraphQL API */ = {
			isa = PBXShellScriptBuildPhase;
			buildActionMask = 2147483647;
			files = (
			);
			inputFileListPaths = (
			);
			inputPaths = (
			);
			name = "Generate Apollo GraphQL API";
			outputFileListPaths = (
			);
			outputPaths = (
			);
			runOnlyForDeploymentPostprocessing = 0;
			shellPath = /bin/sh;
			shellScript = "SCRIPT_PATH=\"${PODS_ROOT}/Apollo/scripts\"\ncd \"${SRCROOT}/${TARGET_NAME}\"\n\"${SCRIPT_PATH}\"/run-bundled-codegen.sh codegen:generate --target=swift --includes=./**/*.graphql --passthroughCustomScalars --localSchemaFile=\"Resources/schema.json\" API.swift\n";
		};
		BE3C054AD27C47D3BAC96E5D /* [CP] Check Pods Manifest.lock */ = {
			isa = PBXShellScriptBuildPhase;
			buildActionMask = 2147483647;
			files = (
			);
			inputFileListPaths = (
			);
			inputPaths = (
				"${PODS_PODFILE_DIR_PATH}/Podfile.lock",
				"${PODS_ROOT}/Manifest.lock",
			);
			name = "[CP] Check Pods Manifest.lock";
			outputFileListPaths = (
			);
			outputPaths = (
				"$(DERIVED_FILE_DIR)/Pods-SimpleGithubTests-checkManifestLockResult.txt",
			);
			runOnlyForDeploymentPostprocessing = 0;
			shellPath = /bin/sh;
			shellScript = "diff \"${PODS_PODFILE_DIR_PATH}/Podfile.lock\" \"${PODS_ROOT}/Manifest.lock\" > /dev/null\nif [ $? != 0 ] ; then\n    # print error to STDERR\n    echo \"error: The sandbox is not in sync with the Podfile.lock. Run 'pod install' or update your CocoaPods installation.\" >&2\n    exit 1\nfi\n# This output is used by Xcode 'outputs' to avoid re-running this script phase.\necho \"SUCCESS\" > \"${SCRIPT_OUTPUT_FILE_0}\"\n";
			showEnvVarsInLog = 0;
		};
		DDD229FC617A54D434AD3590 /* [CP] Embed Pods Frameworks */ = {
			isa = PBXShellScriptBuildPhase;
			buildActionMask = 2147483647;
			files = (
			);
			inputFileListPaths = (
				"${PODS_ROOT}/Target Support Files/Pods-SimpleGithub/Pods-SimpleGithub-frameworks-${CONFIGURATION}-input-files.xcfilelist",
			);
			name = "[CP] Embed Pods Frameworks";
			outputFileListPaths = (
				"${PODS_ROOT}/Target Support Files/Pods-SimpleGithub/Pods-SimpleGithub-frameworks-${CONFIGURATION}-output-files.xcfilelist",
			);
			runOnlyForDeploymentPostprocessing = 0;
			shellPath = /bin/sh;
			shellScript = "\"${PODS_ROOT}/Target Support Files/Pods-SimpleGithub/Pods-SimpleGithub-frameworks.sh\"\n";
			showEnvVarsInLog = 0;
		};
/* End PBXShellScriptBuildPhase section */

/* Begin PBXSourcesBuildPhase section */
		4FAF753F247E8CC300457CE2 /* Sources */ = {
			isa = PBXSourcesBuildPhase;
			buildActionMask = 2147483647;
			files = (
				4FAF7581247E96C900457CE2 /* UserRepositoriesTableViewCell.swift in Sources */,
				4FAF7577247E8CF900457CE2 /* AppCoordinator.swift in Sources */,
				4FAF7588247E9ED300457CE2 /* HavingXib.swift in Sources */,
				4FAF7547247E8CC300457CE2 /* AppDelegate.swift in Sources */,
				4FAF7549247E8CC300457CE2 /* SceneDelegate.swift in Sources */,
				4F8278B1247FE3AF00D5DD30 /* Constants.swift in Sources */,
				4FAF757A247E8EE100457CE2 /* UserRepositoriesViewController.swift in Sources */,
				4F8278B3247FF32D00D5DD30 /* ApolloProvider.swift in Sources */,
				4F1C37C22480541B001412CD /* EmptyUserRepositoriesView.swift in Sources */,
				4F8278AF247FDF7C00D5DD30 /* UserRepositoriesService.swift in Sources */,
				4F8278AD247FDF4400D5DD30 /* API.swift in Sources */,
				4F1C37B924803C24001412CD /* ImageEnum.swift in Sources */,
				4FAF7584247E9D2200457CE2 /* UserRepositoriesInteractor.swift in Sources */,
			);
			runOnlyForDeploymentPostprocessing = 0;
		};
		4FAF7555247E8CC800457CE2 /* Sources */ = {
			isa = PBXSourcesBuildPhase;
			buildActionMask = 2147483647;
			files = (
				4F11C92A248517E10009A67A /* UserRepositoriesSnapshotTests.swift in Sources */,
				4F11C927248510E50009A67A /* UserRepositoriesTests.swift in Sources */,
				4FAF755E247E8CC800457CE2 /* SimpleGithubTests.swift in Sources */,
			);
			runOnlyForDeploymentPostprocessing = 0;
		};
/* End PBXSourcesBuildPhase section */

/* Begin PBXTargetDependency section */
		4FAF755B247E8CC800457CE2 /* PBXTargetDependency */ = {
			isa = PBXTargetDependency;
			target = 4FAF7542247E8CC300457CE2 /* SimpleGithub */;
			targetProxy = 4FAF755A247E8CC800457CE2 /* PBXContainerItemProxy */;
		};
/* End PBXTargetDependency section */

/* Begin PBXVariantGroup section */
		4FAF754C247E8CC300457CE2 /* Main.storyboard */ = {
			isa = PBXVariantGroup;
			children = (
				4FAF754D247E8CC300457CE2 /* Base */,
			);
			name = Main.storyboard;
			sourceTree = "<group>";
		};
		4FAF7551247E8CC800457CE2 /* LaunchScreen.storyboard */ = {
			isa = PBXVariantGroup;
			children = (
				4FAF7552247E8CC800457CE2 /* Base */,
			);
			name = LaunchScreen.storyboard;
			sourceTree = "<group>";
		};
/* End PBXVariantGroup section */

/* Begin XCBuildConfiguration section */
		4FAF756B247E8CC800457CE2 /* Debug */ = {
			isa = XCBuildConfiguration;
			buildSettings = {
				ALWAYS_SEARCH_USER_PATHS = NO;
				CLANG_ANALYZER_NONNULL = YES;
				CLANG_ANALYZER_NUMBER_OBJECT_CONVERSION = YES_AGGRESSIVE;
				CLANG_CXX_LANGUAGE_STANDARD = "gnu++14";
				CLANG_CXX_LIBRARY = "libc++";
				CLANG_ENABLE_MODULES = YES;
				CLANG_ENABLE_OBJC_ARC = YES;
				CLANG_ENABLE_OBJC_WEAK = YES;
				CLANG_WARN_BLOCK_CAPTURE_AUTORELEASING = YES;
				CLANG_WARN_BOOL_CONVERSION = YES;
				CLANG_WARN_COMMA = YES;
				CLANG_WARN_CONSTANT_CONVERSION = YES;
				CLANG_WARN_DEPRECATED_OBJC_IMPLEMENTATIONS = YES;
				CLANG_WARN_DIRECT_OBJC_ISA_USAGE = YES_ERROR;
				CLANG_WARN_DOCUMENTATION_COMMENTS = YES;
				CLANG_WARN_EMPTY_BODY = YES;
				CLANG_WARN_ENUM_CONVERSION = YES;
				CLANG_WARN_INFINITE_RECURSION = YES;
				CLANG_WARN_INT_CONVERSION = YES;
				CLANG_WARN_NON_LITERAL_NULL_CONVERSION = YES;
				CLANG_WARN_OBJC_IMPLICIT_RETAIN_SELF = YES;
				CLANG_WARN_OBJC_LITERAL_CONVERSION = YES;
				CLANG_WARN_OBJC_ROOT_CLASS = YES_ERROR;
				CLANG_WARN_RANGE_LOOP_ANALYSIS = YES;
				CLANG_WARN_STRICT_PROTOTYPES = YES;
				CLANG_WARN_SUSPICIOUS_MOVE = YES;
				CLANG_WARN_UNGUARDED_AVAILABILITY = YES_AGGRESSIVE;
				CLANG_WARN_UNREACHABLE_CODE = YES;
				CLANG_WARN__DUPLICATE_METHOD_MATCH = YES;
				COPY_PHASE_STRIP = NO;
				DEBUG_INFORMATION_FORMAT = dwarf;
				ENABLE_STRICT_OBJC_MSGSEND = YES;
				ENABLE_TESTABILITY = YES;
				GCC_C_LANGUAGE_STANDARD = gnu11;
				GCC_DYNAMIC_NO_PIC = NO;
				GCC_NO_COMMON_BLOCKS = YES;
				GCC_OPTIMIZATION_LEVEL = 0;
				GCC_PREPROCESSOR_DEFINITIONS = (
					"DEBUG=1",
					"$(inherited)",
				);
				GCC_WARN_64_TO_32_BIT_CONVERSION = YES;
				GCC_WARN_ABOUT_RETURN_TYPE = YES_ERROR;
				GCC_WARN_UNDECLARED_SELECTOR = YES;
				GCC_WARN_UNINITIALIZED_AUTOS = YES_AGGRESSIVE;
				GCC_WARN_UNUSED_FUNCTION = YES;
				GCC_WARN_UNUSED_VARIABLE = YES;
				IPHONEOS_DEPLOYMENT_TARGET = 13.4;
				MTL_ENABLE_DEBUG_INFO = INCLUDE_SOURCE;
				MTL_FAST_MATH = YES;
				ONLY_ACTIVE_ARCH = YES;
				SDKROOT = iphoneos;
				SWIFT_ACTIVE_COMPILATION_CONDITIONS = DEBUG;
				SWIFT_OPTIMIZATION_LEVEL = "-Onone";
			};
			name = Debug;
		};
		4FAF756C247E8CC800457CE2 /* Release */ = {
			isa = XCBuildConfiguration;
			buildSettings = {
				ALWAYS_SEARCH_USER_PATHS = NO;
				CLANG_ANALYZER_NONNULL = YES;
				CLANG_ANALYZER_NUMBER_OBJECT_CONVERSION = YES_AGGRESSIVE;
				CLANG_CXX_LANGUAGE_STANDARD = "gnu++14";
				CLANG_CXX_LIBRARY = "libc++";
				CLANG_ENABLE_MODULES = YES;
				CLANG_ENABLE_OBJC_ARC = YES;
				CLANG_ENABLE_OBJC_WEAK = YES;
				CLANG_WARN_BLOCK_CAPTURE_AUTORELEASING = YES;
				CLANG_WARN_BOOL_CONVERSION = YES;
				CLANG_WARN_COMMA = YES;
				CLANG_WARN_CONSTANT_CONVERSION = YES;
				CLANG_WARN_DEPRECATED_OBJC_IMPLEMENTATIONS = YES;
				CLANG_WARN_DIRECT_OBJC_ISA_USAGE = YES_ERROR;
				CLANG_WARN_DOCUMENTATION_COMMENTS = YES;
				CLANG_WARN_EMPTY_BODY = YES;
				CLANG_WARN_ENUM_CONVERSION = YES;
				CLANG_WARN_INFINITE_RECURSION = YES;
				CLANG_WARN_INT_CONVERSION = YES;
				CLANG_WARN_NON_LITERAL_NULL_CONVERSION = YES;
				CLANG_WARN_OBJC_IMPLICIT_RETAIN_SELF = YES;
				CLANG_WARN_OBJC_LITERAL_CONVERSION = YES;
				CLANG_WARN_OBJC_ROOT_CLASS = YES_ERROR;
				CLANG_WARN_RANGE_LOOP_ANALYSIS = YES;
				CLANG_WARN_STRICT_PROTOTYPES = YES;
				CLANG_WARN_SUSPICIOUS_MOVE = YES;
				CLANG_WARN_UNGUARDED_AVAILABILITY = YES_AGGRESSIVE;
				CLANG_WARN_UNREACHABLE_CODE = YES;
				CLANG_WARN__DUPLICATE_METHOD_MATCH = YES;
				COPY_PHASE_STRIP = NO;
				DEBUG_INFORMATION_FORMAT = "dwarf-with-dsym";
				ENABLE_NS_ASSERTIONS = NO;
				ENABLE_STRICT_OBJC_MSGSEND = YES;
				GCC_C_LANGUAGE_STANDARD = gnu11;
				GCC_NO_COMMON_BLOCKS = YES;
				GCC_WARN_64_TO_32_BIT_CONVERSION = YES;
				GCC_WARN_ABOUT_RETURN_TYPE = YES_ERROR;
				GCC_WARN_UNDECLARED_SELECTOR = YES;
				GCC_WARN_UNINITIALIZED_AUTOS = YES_AGGRESSIVE;
				GCC_WARN_UNUSED_FUNCTION = YES;
				GCC_WARN_UNUSED_VARIABLE = YES;
				IPHONEOS_DEPLOYMENT_TARGET = 13.4;
				MTL_ENABLE_DEBUG_INFO = NO;
				MTL_FAST_MATH = YES;
				SDKROOT = iphoneos;
				SWIFT_COMPILATION_MODE = wholemodule;
				SWIFT_OPTIMIZATION_LEVEL = "-O";
				VALIDATE_PRODUCT = YES;
			};
			name = Release;
		};
		4FAF756E247E8CC800457CE2 /* Debug */ = {
			isa = XCBuildConfiguration;
			baseConfigurationReference = 52BF693B0DA48F93588CD789 /* Pods-SimpleGithub.debug.xcconfig */;
			buildSettings = {
				ASSETCATALOG_COMPILER_APPICON_NAME = AppIcon;
				CODE_SIGN_STYLE = Automatic;
				DEVELOPMENT_TEAM = Q3J6238RP7;
				INFOPLIST_FILE = SimpleGithub/Info.plist;
				LD_RUNPATH_SEARCH_PATHS = (
					"$(inherited)",
					"@executable_path/Frameworks",
				);
				PRODUCT_BUNDLE_IDENTIFIER = com.piotrholub.SimpleGithub;
				PRODUCT_NAME = "$(TARGET_NAME)";
				SWIFT_VERSION = 5.0;
				TARGETED_DEVICE_FAMILY = "1,2";
			};
			name = Debug;
		};
		4FAF756F247E8CC800457CE2 /* Release */ = {
			isa = XCBuildConfiguration;
			baseConfigurationReference = 98BC7C44FFB95876AECDE1E4 /* Pods-SimpleGithub.release.xcconfig */;
			buildSettings = {
				ASSETCATALOG_COMPILER_APPICON_NAME = AppIcon;
				CODE_SIGN_STYLE = Automatic;
				DEVELOPMENT_TEAM = Q3J6238RP7;
				INFOPLIST_FILE = SimpleGithub/Info.plist;
				LD_RUNPATH_SEARCH_PATHS = (
					"$(inherited)",
					"@executable_path/Frameworks",
				);
				PRODUCT_BUNDLE_IDENTIFIER = com.piotrholub.SimpleGithub;
				PRODUCT_NAME = "$(TARGET_NAME)";
				SWIFT_VERSION = 5.0;
				TARGETED_DEVICE_FAMILY = "1,2";
			};
			name = Release;
		};
		4FAF7571247E8CC800457CE2 /* Debug */ = {
			isa = XCBuildConfiguration;
			baseConfigurationReference = FF4723B89AC9243157E8DA1E /* Pods-SimpleGithubTests.debug.xcconfig */;
			buildSettings = {
				ALWAYS_EMBED_SWIFT_STANDARD_LIBRARIES = YES;
				BUNDLE_LOADER = "$(TEST_HOST)";
				CODE_SIGN_STYLE = Automatic;
				DEVELOPMENT_TEAM = Q3J6238RP7;
				INFOPLIST_FILE = SimpleGithubTests/Info.plist;
				IPHONEOS_DEPLOYMENT_TARGET = 13.4;
				LD_RUNPATH_SEARCH_PATHS = (
					"$(inherited)",
					"@executable_path/Frameworks",
					"@loader_path/Frameworks",
				);
				PRODUCT_BUNDLE_IDENTIFIER = com.piotrholub.SimpleGithubTests;
				PRODUCT_NAME = "$(TARGET_NAME)";
				SWIFT_VERSION = 5.0;
				TARGETED_DEVICE_FAMILY = "1,2";
				TEST_HOST = "$(BUILT_PRODUCTS_DIR)/SimpleGithub.app/SimpleGithub";
			};
			name = Debug;
		};
		4FAF7572247E8CC800457CE2 /* Release */ = {
			isa = XCBuildConfiguration;
			baseConfigurationReference = B74A4338A70367EE595A8216 /* Pods-SimpleGithubTests.release.xcconfig */;
			buildSettings = {
				ALWAYS_EMBED_SWIFT_STANDARD_LIBRARIES = YES;
				BUNDLE_LOADER = "$(TEST_HOST)";
				CODE_SIGN_STYLE = Automatic;
				DEVELOPMENT_TEAM = Q3J6238RP7;
				INFOPLIST_FILE = SimpleGithubTests/Info.plist;
				IPHONEOS_DEPLOYMENT_TARGET = 13.4;
				LD_RUNPATH_SEARCH_PATHS = (
					"$(inherited)",
					"@executable_path/Frameworks",
					"@loader_path/Frameworks",
				);
				PRODUCT_BUNDLE_IDENTIFIER = com.piotrholub.SimpleGithubTests;
				PRODUCT_NAME = "$(TARGET_NAME)";
				SWIFT_VERSION = 5.0;
				TARGETED_DEVICE_FAMILY = "1,2";
				TEST_HOST = "$(BUILT_PRODUCTS_DIR)/SimpleGithub.app/SimpleGithub";
			};
			name = Release;
		};
/* End XCBuildConfiguration section */

/* Begin XCConfigurationList section */
		4FAF753E247E8CC300457CE2 /* Build configuration list for PBXProject "SimpleGithub" */ = {
			isa = XCConfigurationList;
			buildConfigurations = (
				4FAF756B247E8CC800457CE2 /* Debug */,
				4FAF756C247E8CC800457CE2 /* Release */,
			);
			defaultConfigurationIsVisible = 0;
			defaultConfigurationName = Release;
		};
		4FAF756D247E8CC800457CE2 /* Build configuration list for PBXNativeTarget "SimpleGithub" */ = {
			isa = XCConfigurationList;
			buildConfigurations = (
				4FAF756E247E8CC800457CE2 /* Debug */,
				4FAF756F247E8CC800457CE2 /* Release */,
			);
			defaultConfigurationIsVisible = 0;
			defaultConfigurationName = Release;
		};
		4FAF7570247E8CC800457CE2 /* Build configuration list for PBXNativeTarget "SimpleGithubTests" */ = {
			isa = XCConfigurationList;
			buildConfigurations = (
				4FAF7571247E8CC800457CE2 /* Debug */,
				4FAF7572247E8CC800457CE2 /* Release */,
			);
			defaultConfigurationIsVisible = 0;
			defaultConfigurationName = Release;
		};
/* End XCConfigurationList section */
	};
	rootObject = 4FAF753B247E8CC300457CE2 /* Project object */;
}
